
Microsoft Visual Studio Solution File, Format Version 12.00
# Visual Studio Version 17
VisualStudioVersion = 17.6.33723.286
MinimumVisualStudioVersion = 10.0.40219.1
Project("{FAE04EC0-301F-11D3-BF4B-00C04F79EFBC}") = "WebApiLoglama", "WebApiLoglama\WebApiLoglama.csproj", "{0F0CC67B-4D67-4339-B781-B2C010BFD66C}"
EndProject
Global
	GlobalSection(SolutionConfigurationPlatforms) = preSolution
		Debug|Any CPU = Debug|Any CPU
		Release|Any CPU = Release|Any CPU
	EndGlobalSection
	GlobalSection(ProjectConfigurationPlatforms) = postSolution
		{0F0CC67B-4D67-4339-B781-B2C010BFD66C}.Debug|Any CPU.ActiveCfg = Debug|Any CPU
		{0F0CC67B-4D67-4339-B781-B2C010BFD66C}.Debug|Any CPU.Build.0 = Debug|Any CPU
		{0F0CC67B-4D67-4339-B781-B2C010BFD66C}.Release|Any CPU.ActiveCfg = Release|Any CPU
		{0F0CC67B-4D67-4339-B781-B2C010BFD66C}.Release|Any CPU.Build.0 = Release|Any CPU
	EndGlobalSection
	GlobalSection(SolutionProperties) = preSolution
		HideSolutionNode = FALSE
	EndGlobalSection
	GlobalSection(ExtensibilityGlobals) = postSolution
		SolutionGuid = {4190DDDC-58C5-44FB-88E2-AEC66FC759C1}
	EndGlobalSection
EndGlobal
